
Microsoft Visual Studio Solution File, Format Version 12.00
# Visual Studio 15
VisualStudioVersion = 15.0.26730.0
MinimumVisualStudioVersion = 10.0.40219.1
Project("{FAE04EC0-301F-11D3-BF4B-00C04F79EFBC}") = "TransparentToolbar.Android", "TransparentToolbar\TransparentToolbar.Android\TransparentToolbar.Android.csproj", "{AA03C0E0-C325-4EBD-B840-CFCC9E75074C}"
EndProject
Project("{FAE04EC0-301F-11D3-BF4B-00C04F79EFBC}") = "TransparentToolbar", "TransparentToolbar\TransparentToolbar\TransparentToolbar.csproj", "{FFE2611F-38EF-409B-900C-431F04B583B3}"
EndProject
Global
	GlobalSection(SolutionConfigurationPlatforms) = preSolution
		Ad-Hoc|Any CPU = Ad-Hoc|Any CPU
		Ad-Hoc|ARM = Ad-Hoc|ARM
		Ad-Hoc|iPhone = Ad-Hoc|iPhone
		Ad-Hoc|iPhoneSimulator = Ad-Hoc|iPhoneSimulator
		Ad-Hoc|x64 = Ad-Hoc|x64
		Ad-Hoc|x86 = Ad-Hoc|x86
		AppStore|Any CPU = AppStore|Any CPU
		AppStore|ARM = AppStore|ARM
		AppStore|iPhone = AppStore|iPhone
		AppStore|iPhoneSimulator = AppStore|iPhoneSimulator
		AppStore|x64 = AppStore|x64
		AppStore|x86 = AppStore|x86
		Debug|Any CPU = Debug|Any CPU
		Debug|ARM = Debug|ARM
		Debug|iPhone = Debug|iPhone
		Debug|iPhoneSimulator = Debug|iPhoneSimulator
		Debug|x64 = Debug|x64
		Debug|x86 = Debug|x86
		Release|Any CPU = Release|Any CPU
		Release|ARM = Release|ARM
		Release|iPhone = Release|iPhone
		Release|iPhoneSimulator = Release|iPhoneSimulator
		Release|x64 = Release|x64
		Release|x86 = Release|x86
		Turkey|Any CPU = Turkey|Any CPU
		Turkey|ARM = Turkey|ARM
		Turkey|iPhone = Turkey|iPhone
		Turkey|iPhoneSimulator = Turkey|iPhoneSimulator
		Turkey|x64 = Turkey|x64
		Turkey|x86 = Turkey|x86
	EndGlobalSection
	GlobalSection(ProjectConfigurationPlatforms) = postSolution
		{AA03C0E0-C325-4EBD-B840-CFCC9E75074C}.Ad-Hoc|Any CPU.ActiveCfg = Release|Any CPU
		{AA03C0E0-C325-4EBD-B840-CFCC9E75074C}.Ad-Hoc|Any CPU.Build.0 = Release|Any CPU
		{AA03C0E0-C325-4EBD-B840-CFCC9E75074C}.Ad-Hoc|Any CPU.Deploy.0 = Release|Any CPU
		{AA03C0E0-C325-4EBD-B840-CFCC9E75074C}.Ad-Hoc|ARM.ActiveCfg = Release|Any CPU
		{AA03C0E0-C325-4EBD-B840-CFCC9E75074C}.Ad-Hoc|ARM.Build.0 = Release|Any CPU
		{AA03C0E0-C325-4EBD-B840-CFCC9E75074C}.Ad-Hoc|ARM.Deploy.0 = Release|Any CPU
		{AA03C0E0-C325-4EBD-B840-CFCC9E75074C}.Ad-Hoc|iPhone.ActiveCfg = Release|Any CPU
		{AA03C0E0-C325-4EBD-B840-CFCC9E75074C}.Ad-Hoc|iPhone.Build.0 = Release|Any CPU
		{AA03C0E0-C325-4EBD-B840-CFCC9E75074C}.Ad-Hoc|iPhone.Deploy.0 = Release|Any CPU
		{AA03C0E0-C325-4EBD-B840-CFCC9E75074C}.Ad-Hoc|iPhoneSimulator.ActiveCfg = Release|Any CPU
		{AA03C0E0-C325-4EBD-B840-CFCC9E75074C}.Ad-Hoc|iPhoneSimulator.Build.0 = Release|Any CPU
		{AA03C0E0-C325-4EBD-B840-CFCC9E75074C}.Ad-Hoc|iPhoneSimulator.Deploy.0 = Release|Any CPU
		{AA03C0E0-C325-4EBD-B840-CFCC9E75074C}.Ad-Hoc|x64.ActiveCfg = Release|Any CPU
		{AA03C0E0-C325-4EBD-B840-CFCC9E75074C}.Ad-Hoc|x64.Build.0 = Release|Any CPU
		{AA03C0E0-C325-4EBD-B840-CFCC9E75074C}.Ad-Hoc|x64.Deploy.0 = Release|Any CPU
		{AA03C0E0-C325-4EBD-B840-CFCC9E75074C}.Ad-Hoc|x86.ActiveCfg = Release|Any CPU
		{AA03C0E0-C325-4EBD-B840-CFCC9E75074C}.Ad-Hoc|x86.Build.0 = Release|Any CPU
		{AA03C0E0-C325-4EBD-B840-CFCC9E75074C}.Ad-Hoc|x86.Deploy.0 = Release|Any CPU
		{AA03C0E0-C325-4EBD-B840-CFCC9E75074C}.AppStore|Any CPU.ActiveCfg = Release|Any CPU
		{AA03C0E0-C325-4EBD-B840-CFCC9E75074C}.AppStore|Any CPU.Build.0 = Release|Any CPU
		{AA03C0E0-C325-4EBD-B840-CFCC9E75074C}.AppStore|Any CPU.Deploy.0 = Release|Any CPU
		{AA03C0E0-C325-4EBD-B840-CFCC9E75074C}.AppStore|ARM.ActiveCfg = Release|Any CPU
		{AA03C0E0-C325-4EBD-B840-CFCC9E75074C}.AppStore|ARM.Build.0 = Release|Any CPU
		{AA03C0E0-C325-4EBD-B840-CFCC9E75074C}.AppStore|ARM.Deploy.0 = Release|Any CPU
		{AA03C0E0-C325-4EBD-B840-CFCC9E75074C}.AppStore|iPhone.ActiveCfg = Release|Any CPU
		{AA03C0E0-C325-4EBD-B840-CFCC9E75074C}.AppStore|iPhone.Build.0 = Release|Any CPU
		{AA03C0E0-C325-4EBD-B840-CFCC9E75074C}.AppStore|iPhone.Deploy.0 = Release|Any CPU
		{AA03C0E0-C325-4EBD-B840-CFCC9E75074C}.AppStore|iPhoneSimulator.ActiveCfg = Release|Any CPU
		{AA03C0E0-C325-4EBD-B840-CFCC9E75074C}.AppStore|iPhoneSimulator.Build.0 = Release|Any CPU
		{AA03C0E0-C325-4EBD-B840-CFCC9E75074C}.AppStore|iPhoneSimulator.Deploy.0 = Release|Any CPU
		{AA03C0E0-C325-4EBD-B840-CFCC9E75074C}.AppStore|x64.ActiveCfg = Release|Any CPU
		{AA03C0E0-C325-4EBD-B840-CFCC9E75074C}.AppStore|x64.Build.0 = Release|Any CPU
		{AA03C0E0-C325-4EBD-B840-CFCC9E75074C}.AppStore|x64.Deploy.0 = Release|Any CPU
		{AA03C0E0-C325-4EBD-B840-CFCC9E75074C}.AppStore|x86.ActiveCfg = Release|Any CPU
		{AA03C0E0-C325-4EBD-B840-CFCC9E75074C}.AppStore|x86.Build.0 = Release|Any CPU
		{AA03C0E0-C325-4EBD-B840-CFCC9E75074C}.AppStore|x86.Deploy.0 = Release|Any CPU
		{AA03C0E0-C325-4EBD-B840-CFCC9E75074C}.Debug|Any CPU.ActiveCfg = Debug|Any CPU
		{AA03C0E0-C325-4EBD-B840-CFCC9E75074C}.Debug|Any CPU.Build.0 = Debug|Any CPU
		{AA03C0E0-C325-4EBD-B840-CFCC9E75074C}.Debug|Any CPU.Deploy.0 = Debug|Any CPU
		{AA03C0E0-C325-4EBD-B840-CFCC9E75074C}.Debug|ARM.ActiveCfg = Debug|Any CPU
		{AA03C0E0-C325-4EBD-B840-CFCC9E75074C}.Debug|ARM.Build.0 = Debug|Any CPU
		{AA03C0E0-C325-4EBD-B840-CFCC9E75074C}.Debug|ARM.Deploy.0 = Debug|Any CPU
		{AA03C0E0-C325-4EBD-B840-CFCC9E75074C}.Debug|iPhone.ActiveCfg = Debug|Any CPU
		{AA03C0E0-C325-4EBD-B840-CFCC9E75074C}.Debug|iPhone.Build.0 = Debug|Any CPU
		{AA03C0E0-C325-4EBD-B840-CFCC9E75074C}.Debug|iPhone.Deploy.0 = Debug|Any CPU
		{AA03C0E0-C325-4EBD-B840-CFCC9E75074C}.Debug|iPhoneSimulator.ActiveCfg = Debug|Any CPU
		{AA03C0E0-C325-4EBD-B840-CFCC9E75074C}.Debug|iPhoneSimulator.Build.0 = Debug|Any CPU
		{AA03C0E0-C325-4EBD-B840-CFCC9E75074C}.Debug|iPhoneSimulator.Deploy.0 = Debug|Any CPU
		{AA03C0E0-C325-4EBD-B840-CFCC9E75074C}.Debug|x64.ActiveCfg = Debug|Any CPU
		{AA03C0E0-C325-4EBD-B840-CFCC9E75074C}.Debug|x64.Build.0 = Debug|Any CPU
		{AA03C0E0-C325-4EBD-B840-CFCC9E75074C}.Debug|x64.Deploy.0 = Debug|Any CPU
		{AA03C0E0-C325-4EBD-B840-CFCC9E75074C}.Debug|x86.ActiveCfg = Debug|Any CPU
		{AA03C0E0-C325-4EBD-B840-CFCC9E75074C}.Debug|x86.Build.0 = Debug|Any CPU
		{AA03C0E0-C325-4EBD-B840-CFCC9E75074C}.Debug|x86.Deploy.0 = Debug|Any CPU
		{AA03C0E0-C325-4EBD-B840-CFCC9E75074C}.Release|Any CPU.ActiveCfg = Release|Any CPU
		{AA03C0E0-C325-4EBD-B840-CFCC9E75074C}.Release|Any CPU.Build.0 = Release|Any CPU
		{AA03C0E0-C325-4EBD-B840-CFCC9E75074C}.Release|Any CPU.Deploy.0 = Release|Any CPU
		{AA03C0E0-C325-4EBD-B840-CFCC9E75074C}.Release|ARM.ActiveCfg = Release|Any CPU
		{AA03C0E0-C325-4EBD-B840-CFCC9E75074C}.Release|ARM.Build.0 = Release|Any CPU
		{AA03C0E0-C325-4EBD-B840-CFCC9E75074C}.Release|ARM.Deploy.0 = Release|Any CPU
		{AA03C0E0-C325-4EBD-B840-CFCC9E75074C}.Release|iPhone.ActiveCfg = Release|Any CPU
		{AA03C0E0-C325-4EBD-B840-CFCC9E75074C}.Release|iPhone.Build.0 = Release|Any CPU
		{AA03C0E0-C325-4EBD-B840-CFCC9E75074C}.Release|iPhone.Deploy.0 = Release|Any CPU
		{AA03C0E0-C325-4EBD-B840-CFCC9E75074C}.Release|iPhoneSimulator.ActiveCfg = Release|Any CPU
		{AA03C0E0-C325-4EBD-B840-CFCC9E75074C}.Release|iPhoneSimulator.Build.0 = Release|Any CPU
		{AA03C0E0-C325-4EBD-B840-CFCC9E75074C}.Release|iPhoneSimulator.Deploy.0 = Release|Any CPU
		{AA03C0E0-C325-4EBD-B840-CFCC9E75074C}.Release|x64.ActiveCfg = Release|Any CPU
		{AA03C0E0-C325-4EBD-B840-CFCC9E75074C}.Release|x64.Build.0 = Release|Any CPU
		{AA03C0E0-C325-4EBD-B840-CFCC9E75074C}.Release|x64.Deploy.0 = Release|Any CPU
		{AA03C0E0-C325-4EBD-B840-CFCC9E75074C}.Release|x86.ActiveCfg = Release|Any CPU
		{AA03C0E0-C325-4EBD-B840-CFCC9E75074C}.Release|x86.Build.0 = Release|Any CPU
		{AA03C0E0-C325-4EBD-B840-CFCC9E75074C}.Release|x86.Deploy.0 = Release|Any CPU
		{AA03C0E0-C325-4EBD-B840-CFCC9E75074C}.Turkey|Any CPU.ActiveCfg = Release|Any CPU
		{AA03C0E0-C325-4EBD-B840-CFCC9E75074C}.Turkey|Any CPU.Build.0 = Release|Any CPU
		{AA03C0E0-C325-4EBD-B840-CFCC9E75074C}.Turkey|Any CPU.Deploy.0 = Release|Any CPU
		{AA03C0E0-C325-4EBD-B840-CFCC9E75074C}.Turkey|ARM.ActiveCfg = Release|Any CPU
		{AA03C0E0-C325-4EBD-B840-CFCC9E75074C}.Turkey|ARM.Build.0 = Release|Any CPU
		{AA03C0E0-C325-4EBD-B840-CFCC9E75074C}.Turkey|ARM.Deploy.0 = Release|Any CPU
		{AA03C0E0-C325-4EBD-B840-CFCC9E75074C}.Turkey|iPhone.ActiveCfg = Release|Any CPU
		{AA03C0E0-C325-4EBD-B840-CFCC9E75074C}.Turkey|iPhone.Build.0 = Release|Any CPU
		{AA03C0E0-C325-4EBD-B840-CFCC9E75074C}.Turkey|iPhone.Deploy.0 = Release|Any CPU
		{AA03C0E0-C325-4EBD-B840-CFCC9E75074C}.Turkey|iPhoneSimulator.ActiveCfg = Release|Any CPU
		{AA03C0E0-C325-4EBD-B840-CFCC9E75074C}.Turkey|iPhoneSimulator.Build.0 = Release|Any CPU
		{AA03C0E0-C325-4EBD-B840-CFCC9E75074C}.Turkey|iPhoneSimulator.Deploy.0 = Release|Any CPU
		{AA03C0E0-C325-4EBD-B840-CFCC9E75074C}.Turkey|x64.ActiveCfg = Release|Any CPU
		{AA03C0E0-C325-4EBD-B840-CFCC9E75074C}.Turkey|x64.Build.0 = Release|Any CPU
		{AA03C0E0-C325-4EBD-B840-CFCC9E75074C}.Turkey|x64.Deploy.0 = Release|Any CPU
		{AA03C0E0-C325-4EBD-B840-CFCC9E75074C}.Turkey|x86.ActiveCfg = Release|Any CPU
		{AA03C0E0-C325-4EBD-B840-CFCC9E75074C}.Turkey|x86.Build.0 = Release|Any CPU
		{AA03C0E0-C325-4EBD-B840-CFCC9E75074C}.Turkey|x86.Deploy.0 = Release|Any CPU
		{FFE2611F-38EF-409B-900C-431F04B583B3}.Ad-Hoc|Any CPU.ActiveCfg = Release|Any CPU
		{FFE2611F-38EF-409B-900C-431F04B583B3}.Ad-Hoc|Any CPU.Build.0 = Release|Any CPU
		{FFE2611F-38EF-409B-900C-431F04B583B3}.Ad-Hoc|ARM.ActiveCfg = Release|Any CPU
		{FFE2611F-38EF-409B-900C-431F04B583B3}.Ad-Hoc|ARM.Build.0 = Release|Any CPU
		{FFE2611F-38EF-409B-900C-431F04B583B3}.Ad-Hoc|iPhone.ActiveCfg = Release|Any CPU
		{FFE2611F-38EF-409B-900C-431F04B583B3}.Ad-Hoc|iPhone.Build.0 = Release|Any CPU
		{FFE2611F-38EF-409B-900C-431F04B583B3}.Ad-Hoc|iPhoneSimulator.ActiveCfg = Release|Any CPU
		{FFE2611F-38EF-409B-900C-431F04B583B3}.Ad-Hoc|iPhoneSimulator.Build.0 = Release|Any CPU
		{FFE2611F-38EF-409B-900C-431F04B583B3}.Ad-Hoc|x64.ActiveCfg = Release|Any CPU
		{FFE2611F-38EF-409B-900C-431F04B583B3}.Ad-Hoc|x64.Build.0 = Release|Any CPU
		{FFE2611F-38EF-409B-900C-431F04B583B3}.Ad-Hoc|x86.ActiveCfg = Release|Any CPU
		{FFE2611F-38EF-409B-900C-431F04B583B3}.Ad-Hoc|x86.Build.0 = Release|Any CPU
		{FFE2611F-38EF-409B-900C-431F04B583B3}.AppStore|Any CPU.ActiveCfg = Release|Any CPU
		{FFE2611F-38EF-409B-900C-431F04B583B3}.AppStore|Any CPU.Build.0 = Release|Any CPU
		{FFE2611F-38EF-409B-900C-431F04B583B3}.AppStore|ARM.ActiveCfg = Release|Any CPU
		{FFE2611F-38EF-409B-900C-431F04B583B3}.AppStore|ARM.Build.0 = Release|Any CPU
		{FFE2611F-38EF-409B-900C-431F04B583B3}.AppStore|iPhone.ActiveCfg = Release|Any CPU
		{FFE2611F-38EF-409B-900C-431F04B583B3}.AppStore|iPhone.Build.0 = Release|Any CPU
		{FFE2611F-38EF-409B-900C-431F04B583B3}.AppStore|iPhoneSimulator.ActiveCfg = Release|Any CPU
		{FFE2611F-38EF-409B-900C-431F04B583B3}.AppStore|iPhoneSimulator.Build.0 = Release|Any CPU
		{FFE2611F-38EF-409B-900C-431F04B583B3}.AppStore|x64.ActiveCfg = Release|Any CPU
		{FFE2611F-38EF-409B-900C-431F04B583B3}.AppStore|x64.Build.0 = Release|Any CPU
		{FFE2611F-38EF-409B-900C-431F04B583B3}.AppStore|x86.ActiveCfg = Release|Any CPU
		{FFE2611F-38EF-409B-900C-431F04B583B3}.AppStore|x86.Build.0 = Release|Any CPU
		{FFE2611F-38EF-409B-900C-431F04B583B3}.Debug|Any CPU.ActiveCfg = Debug|Any CPU
		{FFE2611F-38EF-409B-900C-431F04B583B3}.Debug|Any CPU.Build.0 = Debug|Any CPU
		{FFE2611F-38EF-409B-900C-431F04B583B3}.Debug|ARM.ActiveCfg = Debug|Any CPU
		{FFE2611F-38EF-409B-900C-431F04B583B3}.Debug|ARM.Build.0 = Debug|Any CPU
		{FFE2611F-38EF-409B-900C-431F04B583B3}.Debug|iPhone.ActiveCfg = Debug|Any CPU
		{FFE2611F-38EF-409B-900C-431F04B583B3}.Debug|iPhone.Build.0 = Debug|Any CPU
		{FFE2611F-38EF-409B-900C-431F04B583B3}.Debug|iPhoneSimulator.ActiveCfg = Debug|Any CPU
		{FFE2611F-38EF-409B-900C-431F04B583B3}.Debug|iPhoneSimulator.Build.0 = Debug|Any CPU
		{FFE2611F-38EF-409B-900C-431F04B583B3}.Debug|x64.ActiveCfg = Debug|Any CPU
		{FFE2611F-38EF-409B-900C-431F04B583B3}.Debug|x64.Build.0 = Debug|Any CPU
		{FFE2611F-38EF-409B-900C-431F04B583B3}.Debug|x86.ActiveCfg = Debug|Any CPU
		{FFE2611F-38EF-409B-900C-431F04B583B3}.Debug|x86.Build.0 = Debug|Any CPU
		{FFE2611F-38EF-409B-900C-431F04B583B3}.Release|Any CPU.ActiveCfg = Release|Any CPU
		{FFE2611F-38EF-409B-900C-431F04B583B3}.Release|Any CPU.Build.0 = Release|Any CPU
		{FFE2611F-38EF-409B-900C-431F04B583B3}.Release|ARM.ActiveCfg = Release|Any CPU
		{FFE2611F-38EF-409B-900C-431F04B583B3}.Release|ARM.Build.0 = Release|Any CPU
		{FFE2611F-38EF-409B-900C-431F04B583B3}.Release|iPhone.ActiveCfg = Release|Any CPU
		{FFE2611F-38EF-409B-900C-431F04B583B3}.Release|iPhone.Build.0 = Release|Any CPU
		{FFE2611F-38EF-409B-900C-431F04B583B3}.Release|iPhoneSimulator.ActiveCfg = Release|Any CPU
		{FFE2611F-38EF-409B-900C-431F04B583B3}.Release|iPhoneSimulator.Build.0 = Release|Any CPU
		{FFE2611F-38EF-409B-900C-431F04B583B3}.Release|x64.ActiveCfg = Release|Any CPU
		{FFE2611F-38EF-409B-900C-431F04B583B3}.Release|x64.Build.0 = Release|Any CPU
		{FFE2611F-38EF-409B-900C-431F04B583B3}.Release|x86.ActiveCfg = Release|Any CPU
		{FFE2611F-38EF-409B-900C-431F04B583B3}.Release|x86.Build.0 = Release|Any CPU
		{FFE2611F-38EF-409B-900C-431F04B583B3}.Turkey|Any CPU.ActiveCfg = Release|Any CPU
		{FFE2611F-38EF-409B-900C-431F04B583B3}.Turkey|Any CPU.Build.0 = Release|Any CPU
		{FFE2611F-38EF-409B-900C-431F04B583B3}.Turkey|ARM.ActiveCfg = Release|Any CPU
		{FFE2611F-38EF-409B-900C-431F04B583B3}.Turkey|ARM.Build.0 = Release|Any CPU
		{FFE2611F-38EF-409B-900C-431F04B583B3}.Turkey|iPhone.ActiveCfg = Release|Any CPU
		{FFE2611F-38EF-409B-900C-431F04B583B3}.Turkey|iPhone.Build.0 = Release|Any CPU
		{FFE2611F-38EF-409B-900C-431F04B583B3}.Turkey|iPhoneSimulator.ActiveCfg = Release|Any CPU
		{FFE2611F-38EF-409B-900C-431F04B583B3}.Turkey|iPhoneSimulator.Build.0 = Release|Any CPU
		{FFE2611F-38EF-409B-900C-431F04B583B3}.Turkey|x64.ActiveCfg = Release|Any CPU
		{FFE2611F-38EF-409B-900C-431F04B583B3}.Turkey|x64.Build.0 = Release|Any CPU
		{FFE2611F-38EF-409B-900C-431F04B583B3}.Turkey|x86.ActiveCfg = Release|Any CPU
		{FFE2611F-38EF-409B-900C-431F04B583B3}.Turkey|x86.Build.0 = Release|Any CPU
	EndGlobalSection
	GlobalSection(SolutionProperties) = preSolution
		HideSolutionNode = FALSE
	EndGlobalSection
	GlobalSection(ExtensibilityGlobals) = postSolution
		SolutionGuid = {A1B45B05-A130-49E7-A7AB-370EC67D816E}
	EndGlobalSection
EndGlobal
